
Microsoft Visual Studio Solution File, Format Version 12.00
# Visual Studio Version 16
VisualStudioVersion = 16.0.31911.196
MinimumVisualStudioVersion = 10.0.40219.1
Project("{FAE04EC0-301F-11D3-BF4B-00C04F79EFBC}") = "AWESOMEAPPBack", "AWESOMEAPPBack\AWESOMEAPPBack.csproj", "{5C95DCEE-8B41-4A3B-B099-8288AF3F7D9A}"
EndProject
Global
	GlobalSection(SolutionConfigurationPlatforms) = preSolution
		Debug|Any CPU = Debug|Any CPU
		Release|Any CPU = Release|Any CPU
	EndGlobalSection
	GlobalSection(ProjectConfigurationPlatforms) = postSolution
		{5C95DCEE-8B41-4A3B-B099-8288AF3F7D9A}.Debug|Any CPU.ActiveCfg = Debug|Any CPU
		{5C95DCEE-8B41-4A3B-B099-8288AF3F7D9A}.Debug|Any CPU.Build.0 = Debug|Any CPU
		{5C95DCEE-8B41-4A3B-B099-8288AF3F7D9A}.Release|Any CPU.ActiveCfg = Release|Any CPU
		{5C95DCEE-8B41-4A3B-B099-8288AF3F7D9A}.Release|Any CPU.Build.0 = Release|Any CPU
	EndGlobalSection
	GlobalSection(SolutionProperties) = preSolution
		HideSolutionNode = FALSE
	EndGlobalSection
	GlobalSection(ExtensibilityGlobals) = postSolution
		SolutionGuid = {7A92DDE2-54AF-463E-9A2E-09518EBA4F75}
	EndGlobalSection
EndGlobal
